
Microsoft Visual Studio Solution File, Format Version 12.00
# Visual Studio Version 17
VisualStudioVersion = 17.3.32929.385
MinimumVisualStudioVersion = 10.0.40219.1
Project("{9092AA53-FB77-4645-B42D-1CCCA6BD08BD}") = "UpSkill_NodejsExpressApp", "UpSkill_NodejsExpressApp\UpSkill_NodejsExpressApp.njsproj", "{6E5938B8-EE95-455A-B857-A5D3507EC708}"
EndProject
Global
	GlobalSection(SolutionConfigurationPlatforms) = preSolution
		Debug|Any CPU = Debug|Any CPU
		Release|Any CPU = Release|Any CPU
	EndGlobalSection
	GlobalSection(ProjectConfigurationPlatforms) = postSolution
		{6E5938B8-EE95-455A-B857-A5D3507EC708}.Debug|Any CPU.ActiveCfg = Debug|Any CPU
		{6E5938B8-EE95-455A-B857-A5D3507EC708}.Debug|Any CPU.Build.0 = Debug|Any CPU
		{6E5938B8-EE95-455A-B857-A5D3507EC708}.Release|Any CPU.ActiveCfg = Release|Any CPU
		{6E5938B8-EE95-455A-B857-A5D3507EC708}.Release|Any CPU.Build.0 = Release|Any CPU
	EndGlobalSection
	GlobalSection(SolutionProperties) = preSolution
		HideSolutionNode = FALSE
	EndGlobalSection
	GlobalSection(ExtensibilityGlobals) = postSolution
		SolutionGuid = {16C347C9-6926-402D-86E4-965ED5A16CD1}
	EndGlobalSection
EndGlobal
